
Microsoft Visual Studio Solution File, Format Version 12.00
# Visual Studio Version 17
VisualStudioVersion = 17.12.35514.174
MinimumVisualStudioVersion = 10.0.40219.1
Project("{FAE04EC0-301F-11D3-BF4B-00C04F79EFBC}") = "BookStore.Web", "BookStore.Web\BookStore.Web.csproj", "{1CFF5F20-B759-4155-9EB0-7F41F3A62568}"
EndProject
Project("{2150E333-8FDC-42A3-9474-1A3956D46DE8}") = "Solution Items", "Solution Items", "{9848D766-4219-4EFC-8278-E3D08E64E561}"
	ProjectSection(SolutionItems) = preProject
		.editorconfig = .editorconfig
		Directory.Build.props = Directory.Build.props
	EndProjectSection
EndProject
Project("{FAE04EC0-301F-11D3-BF4B-00C04F79EFBC}") = "BookStore.Books", "BookStore.Books\BookStore.Books.csproj", "{99B537E5-8C2E-4C56-91ED-3795579C7A5F}"
EndProject
Project("{FAE04EC0-301F-11D3-BF4B-00C04F79EFBC}") = "BookStore.Books.Tests", "BookStore.Books.Tests\BookStore.Books.Tests.csproj", "{4A897F42-E88F-4DF4-B166-F3109387D7E7}"
EndProject
Project("{2150E333-8FDC-42A3-9474-1A3956D46DE8}") = "Books Module", "Books Module", "{D47A6660-1B92-4C9C-8059-3A4CE0E4F101}"
EndProject
Project("{2150E333-8FDC-42A3-9474-1A3956D46DE8}") = "User Module", "User Module", "{F0D91258-3CB4-4CF8-8424-5A932F522B57}"
EndProject
Project("{FAE04EC0-301F-11D3-BF4B-00C04F79EFBC}") = "BookStore.Users", "BookStore.Users\BookStore.Users.csproj", "{EB19D382-422F-40AC-8B42-5AA40C2F5CAB}"
EndProject
Global
	GlobalSection(SolutionConfigurationPlatforms) = preSolution
		Debug|Any CPU = Debug|Any CPU
		Release|Any CPU = Release|Any CPU
	EndGlobalSection
	GlobalSection(ProjectConfigurationPlatforms) = postSolution
		{1CFF5F20-B759-4155-9EB0-7F41F3A62568}.Debug|Any CPU.ActiveCfg = Debug|Any CPU
		{1CFF5F20-B759-4155-9EB0-7F41F3A62568}.Debug|Any CPU.Build.0 = Debug|Any CPU
		{1CFF5F20-B759-4155-9EB0-7F41F3A62568}.Release|Any CPU.ActiveCfg = Release|Any CPU
		{1CFF5F20-B759-4155-9EB0-7F41F3A62568}.Release|Any CPU.Build.0 = Release|Any CPU
		{99B537E5-8C2E-4C56-91ED-3795579C7A5F}.Debug|Any CPU.ActiveCfg = Debug|Any CPU
		{99B537E5-8C2E-4C56-91ED-3795579C7A5F}.Debug|Any CPU.Build.0 = Debug|Any CPU
		{99B537E5-8C2E-4C56-91ED-3795579C7A5F}.Release|Any CPU.ActiveCfg = Release|Any CPU
		{99B537E5-8C2E-4C56-91ED-3795579C7A5F}.Release|Any CPU.Build.0 = Release|Any CPU
		{4A897F42-E88F-4DF4-B166-F3109387D7E7}.Debug|Any CPU.ActiveCfg = Debug|Any CPU
		{4A897F42-E88F-4DF4-B166-F3109387D7E7}.Debug|Any CPU.Build.0 = Debug|Any CPU
		{4A897F42-E88F-4DF4-B166-F3109387D7E7}.Release|Any CPU.ActiveCfg = Release|Any CPU
		{4A897F42-E88F-4DF4-B166-F3109387D7E7}.Release|Any CPU.Build.0 = Release|Any CPU
		{EB19D382-422F-40AC-8B42-5AA40C2F5CAB}.Debug|Any CPU.ActiveCfg = Debug|Any CPU
		{EB19D382-422F-40AC-8B42-5AA40C2F5CAB}.Debug|Any CPU.Build.0 = Debug|Any CPU
		{EB19D382-422F-40AC-8B42-5AA40C2F5CAB}.Release|Any CPU.ActiveCfg = Release|Any CPU
		{EB19D382-422F-40AC-8B42-5AA40C2F5CAB}.Release|Any CPU.Build.0 = Release|Any CPU
	EndGlobalSection
	GlobalSection(SolutionProperties) = preSolution
		HideSolutionNode = FALSE
	EndGlobalSection
	GlobalSection(NestedProjects) = preSolution
		{99B537E5-8C2E-4C56-91ED-3795579C7A5F} = {D47A6660-1B92-4C9C-8059-3A4CE0E4F101}
		{4A897F42-E88F-4DF4-B166-F3109387D7E7} = {D47A6660-1B92-4C9C-8059-3A4CE0E4F101}
		{EB19D382-422F-40AC-8B42-5AA40C2F5CAB} = {F0D91258-3CB4-4CF8-8424-5A932F522B57}
	EndGlobalSection
EndGlobal
