
Microsoft Visual Studio Solution File, Format Version 12.00
# Visual Studio Version 17
VisualStudioVersion = 17.12.35514.174
MinimumVisualStudioVersion = 10.0.40219.1
Project("{FAE04EC0-301F-11D3-BF4B-00C04F79EFBC}") = "BookStore.Web", "BookStore.Web\BookStore.Web.csproj", "{1CFF5F20-B759-4155-9EB0-7F41F3A62568}"
EndProject
Project("{2150E333-8FDC-42A3-9474-1A3956D46DE8}") = "Solution Items", "Solution Items", "{9848D766-4219-4EFC-8278-E3D08E64E561}"
	ProjectSection(SolutionItems) = preProject
		.editorconfig = .editorconfig
		Directory.Build.props = Directory.Build.props
	EndProjectSection
EndProject
Project("{FAE04EC0-301F-11D3-BF4B-00C04F79EFBC}") = "BookStore.Books", "BookStore.Books\BookStore.Books.csproj", "{99B537E5-8C2E-4C56-91ED-3795579C7A5F}"
EndProject
Global
	GlobalSection(SolutionConfigurationPlatforms) = preSolution
		Debug|Any CPU = Debug|Any CPU
		Release|Any CPU = Release|Any CPU
	EndGlobalSection
	GlobalSection(ProjectConfigurationPlatforms) = postSolution
		{1CFF5F20-B759-4155-9EB0-7F41F3A62568}.Debug|Any CPU.ActiveCfg = Debug|Any CPU
		{1CFF5F20-B759-4155-9EB0-7F41F3A62568}.Debug|Any CPU.Build.0 = Debug|Any CPU
		{1CFF5F20-B759-4155-9EB0-7F41F3A62568}.Release|Any CPU.ActiveCfg = Release|Any CPU
		{1CFF5F20-B759-4155-9EB0-7F41F3A62568}.Release|Any CPU.Build.0 = Release|Any CPU
		{99B537E5-8C2E-4C56-91ED-3795579C7A5F}.Debug|Any CPU.ActiveCfg = Debug|Any CPU
		{99B537E5-8C2E-4C56-91ED-3795579C7A5F}.Debug|Any CPU.Build.0 = Debug|Any CPU
		{99B537E5-8C2E-4C56-91ED-3795579C7A5F}.Release|Any CPU.ActiveCfg = Release|Any CPU
		{99B537E5-8C2E-4C56-91ED-3795579C7A5F}.Release|Any CPU.Build.0 = Release|Any CPU
	EndGlobalSection
	GlobalSection(SolutionProperties) = preSolution
		HideSolutionNode = FALSE
	EndGlobalSection
	GlobalSection(NestedProjects) = preSolution
		{99B537E5-8C2E-4C56-91ED-3795579C7A5F} = {9848D766-4219-4EFC-8278-E3D08E64E561}
	EndGlobalSection
EndGlobal
